
Microsoft Visual Studio Solution File, Format Version 12.00
# Visual Studio Version 17
VisualStudioVersion = 17.10.35013.160
MinimumVisualStudioVersion = 10.0.40219.1
Project("{9A19103F-16F7-4668-BE54-9A1E7A4F7556}") = "Demo", "ASSIGNMENT 2 OOP\Demo.csproj", "{C0BB71FB-89F9-4C0D-BC64-D30414083944}"
EndProject
Project("{FAE04EC0-301F-11D3-BF4B-00C04F79EFBC}") = "Common", "Common\Common.csproj", "{74F59656-B0DC-4B1E-A3FB-BC203981A757}"
EndProject
Global
	GlobalSection(SolutionConfigurationPlatforms) = preSolution
		Debug|Any CPU = Debug|Any CPU
		Release|Any CPU = Release|Any CPU
	EndGlobalSection
	GlobalSection(ProjectConfigurationPlatforms) = postSolution
		{C0BB71FB-89F9-4C0D-BC64-D30414083944}.Debug|Any CPU.ActiveCfg = Debug|Any CPU
		{C0BB71FB-89F9-4C0D-BC64-D30414083944}.Debug|Any CPU.Build.0 = Debug|Any CPU
		{C0BB71FB-89F9-4C0D-BC64-D30414083944}.Release|Any CPU.ActiveCfg = Release|Any CPU
		{C0BB71FB-89F9-4C0D-BC64-D30414083944}.Release|Any CPU.Build.0 = Release|Any CPU
		{74F59656-B0DC-4B1E-A3FB-BC203981A757}.Debug|Any CPU.ActiveCfg = Debug|Any CPU
		{74F59656-B0DC-4B1E-A3FB-BC203981A757}.Debug|Any CPU.Build.0 = Debug|Any CPU
		{74F59656-B0DC-4B1E-A3FB-BC203981A757}.Release|Any CPU.ActiveCfg = Release|Any CPU
		{74F59656-B0DC-4B1E-A3FB-BC203981A757}.Release|Any CPU.Build.0 = Release|Any CPU
	EndGlobalSection
	GlobalSection(SolutionProperties) = preSolution
		HideSolutionNode = FALSE
	EndGlobalSection
	GlobalSection(ExtensibilityGlobals) = postSolution
		SolutionGuid = {B2EEB44C-067F-44F0-8616-59B8756C1ACF}
	EndGlobalSection
EndGlobal
